# Canonical environment lock is `pixi.lock` (cross-platform).
# SHA256(pixi.lock)=726e414a4effd04a81a9ef4732124c0b638a9bd7864fb8f277b2028ef29bf206
#
# This file is intentionally informational only; do not use it as an installer
# source for publication runs. Use:
#   pixi install
#   panelcast run --strict
