# Canonical environment lock is `pixi.lock` (cross-platform).
# SHA256(pixi.lock)=79273463e4f5b6997a3aaf71dd92bb58b344298dc6227a0ffabdb2dc3be1362d
#
# This file is intentionally informational only; do not use it as an installer
# source for publication runs. Use:
#   pixi install
#   panelcast run --strict
